
Microsoft Visual Studio Solution File, Format Version 12.00
# Visual Studio Version 17
VisualStudioVersion = 17.5.33424.131
MinimumVisualStudioVersion = 10.0.40219.1
Project("{FAE04EC0-301F-11D3-BF4B-00C04F79EFBC}") = "GenericPrac", "GenericPrac\GenericPrac.csproj", "{E377D5EF-6A87-4067-8DD6-730261200479}"
EndProject
Global
	GlobalSection(SolutionConfigurationPlatforms) = preSolution
		Debug|Any CPU = Debug|Any CPU
		Release|Any CPU = Release|Any CPU
	EndGlobalSection
	GlobalSection(ProjectConfigurationPlatforms) = postSolution
		{E377D5EF-6A87-4067-8DD6-730261200479}.Debug|Any CPU.ActiveCfg = Debug|Any CPU
		{E377D5EF-6A87-4067-8DD6-730261200479}.Debug|Any CPU.Build.0 = Debug|Any CPU
		{E377D5EF-6A87-4067-8DD6-730261200479}.Release|Any CPU.ActiveCfg = Release|Any CPU
		{E377D5EF-6A87-4067-8DD6-730261200479}.Release|Any CPU.Build.0 = Release|Any CPU
	EndGlobalSection
	GlobalSection(SolutionProperties) = preSolution
		HideSolutionNode = FALSE
	EndGlobalSection
	GlobalSection(ExtensibilityGlobals) = postSolution
		SolutionGuid = {623FAB25-A389-432A-AB48-CDE0734279C8}
	EndGlobalSection
EndGlobal
